
Microsoft Visual Studio Solution File, Format Version 12.00
# Visual Studio Version 17
VisualStudioVersion = 17.6.33815.320
MinimumVisualStudioVersion = 10.0.40219.1
Project("{888888A0-9F3D-457C-B088-3A5042F75D52}") = "PDFWatermarker", "PDFWatermarker\PDFWatermarker.pyproj", "{5D338B0E-F994-45D8-A1A8-780707B05899}"
EndProject
Global
	GlobalSection(SolutionConfigurationPlatforms) = preSolution
		Debug|Any CPU = Debug|Any CPU
		Release|Any CPU = Release|Any CPU
	EndGlobalSection
	GlobalSection(ProjectConfigurationPlatforms) = postSolution
		{5D338B0E-F994-45D8-A1A8-780707B05899}.Debug|Any CPU.ActiveCfg = Debug|Any CPU
		{5D338B0E-F994-45D8-A1A8-780707B05899}.Release|Any CPU.ActiveCfg = Release|Any CPU
	EndGlobalSection
	GlobalSection(SolutionProperties) = preSolution
		HideSolutionNode = FALSE
	EndGlobalSection
	GlobalSection(ExtensibilityGlobals) = postSolution
		SolutionGuid = {743EB25F-BBD8-46BB-93F7-A4E2647247BD}
	EndGlobalSection
EndGlobal
